// !$*UTF8*$!
{
	archiveVersion = 1;
	classes = {
	};
	objectVersion = 48;
	objects = {

/* Begin PBXBuildFile section */
		ECB197571F0CDF7E002FB2B1 /* main.m in Sources */ = {isa = PBXBuildFile; fileRef = ECB197561F0CDF7E002FB2B1 /* main.m */; };
		ECED28781F14CCDA004ED7AE /* TCPSocketServerManager.m in Sources */ = {isa = PBXBuildFile; fileRef = ECED28771F14CCDA004ED7AE /* TCPSocketServerManager.m */; };
/* End PBXBuildFile section */

/* Begin PBXCopyFilesBuildPhase section */
		ECB197511F0CDF7E002FB2B1 /* CopyFiles */ = {
			isa = PBXCopyFilesBuildPhase;
			buildActionMask = 2147483647;
			dstPath = /usr/share/man/man1/;
			dstSubfolderSpec = 0;
			files = (
			);
			runOnlyForDeploymentPostprocessing = 1;
		};
/* End PBXCopyFilesBuildPhase section */

/* Begin PBXFileReference section */
		ECB197531F0CDF7E002FB2B1 /* TCPServer */ = {isa = PBXFileReference; explicitFileType = "compiled.mach-o.executable"; includeInIndex = 0; path = TCPServer; sourceTree = BUILT_PRODUCTS_DIR; };
		ECB197561F0CDF7E002FB2B1 /* main.m */ = {isa = PBXFileReference; lastKnownFileType = sourcecode.c.objc; path = main.m; sourceTree = "<group>"; };
		ECED28761F14CCDA004ED7AE /* TCPSocketServerManager.h */ = {isa = PBXFileReference; lastKnownFileType = sourcecode.c.h; path = TCPSocketServerManager.h; sourceTree = "<group>"; };
		ECED28771F14CCDA004ED7AE /* TCPSocketServerManager.m */ = {isa = PBXFileReference; lastKnownFileType = sourcecode.c.objc; path = TCPSocketServerManager.m; sourceTree = "<group>"; };
/* End PBXFileReference section */

/* Begin PBXFrameworksBuildPhase section */
		ECB197501F0CDF7E002FB2B1 /* Frameworks */ = {
			isa = PBXFrameworksBuildPhase;
			buildActionMask = 2147483647;
			files = (
			);
			runOnlyForDeploymentPostprocessing = 0;
		};
/* End PBXFrameworksBuildPhase section */

/* Begin PBXGroup section */
		ECB1974A1F0CDF7E002FB2B1 = {
			isa = PBXGroup;
			children = (
				ECB197551F0CDF7E002FB2B1 /* TCPServer */,
				ECB197541F0CDF7E002FB2B1 /* Products */,
			);
			sourceTree = "<group>";
		};
		ECB197541F0CDF7E002FB2B1 /* Products */ = {
			isa = PBXGroup;
			children = (
				ECB197531F0CDF7E002FB2B1 /* TCPServer */,
			);
			name = Products;
			sourceTree = "<group>";
		};
		ECB197551F0CDF7E002FB2B1 /* TCPServer */ = {
			isa = PBXGroup;
			children = (
				ECB197561F0CDF7E002FB2B1 /* main.m */,
				ECED28761F14CCDA004ED7AE /* TCPSocketServerManager.h */,
				ECED28771F14CCDA004ED7AE /* TCPSocketServerManager.m */,
			);
			path = TCPServer;
			sourceTree = "<group>";
		};
/* End PBXGroup section */

/* Begin PBXNativeTarget section */
		ECB197521F0CDF7E002FB2B1 /* TCPServer */ = {
			isa = PBXNativeTarget;
			buildConfigurationList = ECB1975A1F0CDF7E002FB2B1 /* Build configuration list for PBXNativeTarget "TCPServer" */;
			buildPhases = (
				ECB1974F1F0CDF7E002FB2B1 /* Sources */,
				ECB197501F0CDF7E002FB2B1 /* Frameworks */,
				ECB197511F0CDF7E002FB2B1 /* CopyFiles */,
			);
			buildRules = (
			);
			dependencies = (
			);
			name = TCPServer;
			productName = TCPServer;
			productReference = ECB197531F0CDF7E002FB2B1 /* TCPServer */;
			productType = "com.apple.product-type.tool";
		};
/* End PBXNativeTarget section */

/* Begin PBXProject section */
		ECB1974B1F0CDF7E002FB2B1 /* Project object */ = {
			isa = PBXProject;
			attributes = {
				LastUpgradeCheck = 0900;
				ORGANIZATIONNAME = "向尉";
				TargetAttributes = {
					ECB197521F0CDF7E002FB2B1 = {
						CreatedOnToolsVersion = 9.0;
					};
				};
			};
			buildConfigurationList = ECB1974E1F0CDF7E002FB2B1 /* Build configuration list for PBXProject "TCPServer" */;
			compatibilityVersion = "Xcode 8.0";
			developmentRegion = en;
			hasScannedForEncodings = 0;
			knownRegions = (
				en,
			);
			mainGroup = ECB1974A1F0CDF7E002FB2B1;
			productRefGroup = ECB197541F0CDF7E002FB2B1 /* Products */;
			projectDirPath = "";
			projectRoot = "";
			targets = (
				ECB197521F0CDF7E002FB2B1 /* TCPServer */,
			);
		};
/* End PBXProject section */

/* Begin PBXSourcesBuildPhase section */
		ECB1974F1F0CDF7E002FB2B1 /* Sources */ = {
			isa = PBXSourcesBuildPhase;
			buildActionMask = 2147483647;
			files = (
				ECB197571F0CDF7E002FB2B1 /* main.m in Sources */,
				ECED28781F14CCDA004ED7AE /* TCPSocketServerManager.m in Sources */,
			);
			runOnlyForDeploymentPostprocessing = 0;
		};
/* End PBXSourcesBuildPhase section */

/* Begin XCBuildConfiguration section */
		ECB197581F0CDF7E002FB2B1 /* Debug */ = {
			isa = XCBuildConfiguration;
			buildSettings = {
				ALWAYS_SEARCH_USER_PATHS = NO;
				CLANG_ANALYZER_NONNULL = YES;
				CLANG_ANALYZER_NUMBER_OBJECT_CONVERSION = YES_AGGRESSIVE;
				CLANG_CXX_LANGUAGE_STANDARD = "gnu++14";
				CLANG_CXX_LIBRARY = "libc++";
				CLANG_ENABLE_MODULES = YES;
				CLANG_ENABLE_OBJC_ARC = YES;
				CLANG_WARN_BLOCK_CAPTURE_AUTORELEASING = YES;
				CLANG_WARN_BOOL_CONVERSION = YES;
				CLANG_WARN_COMMA = YES;
				CLANG_WARN_CONSTANT_CONVERSION = YES;
				CLANG_WARN_DIRECT_OBJC_ISA_USAGE = YES_ERROR;
				CLANG_WARN_DOCUMENTATION_COMMENTS = YES;
				CLANG_WARN_EMPTY_BODY = YES;
				CLANG_WARN_ENUM_CONVERSION = YES;
				CLANG_WARN_INFINITE_RECURSION = YES;
				CLANG_WARN_INT_CONVERSION = YES;
				CLANG_WARN_OBJC_ROOT_CLASS = YES_ERROR;
				CLANG_WARN_RANGE_LOOP_ANALYSIS = YES;
				CLANG_WARN_STRICT_PROTOTYPES = YES;
				CLANG_WARN_SUSPICIOUS_MOVE = YES;
				CLANG_WARN_UNGUARDED_AVAILABILITY = YES_AGGRESSIVE;
				CLANG_WARN_UNREACHABLE_CODE = YES;
				CLANG_WARN__DUPLICATE_METHOD_MATCH = YES;
				CODE_SIGN_IDENTITY = "-";
				COPY_PHASE_STRIP = NO;
				DEBUG_INFORMATION_FORMAT = dwarf;
				ENABLE_STRICT_OBJC_MSGSEND = YES;
				ENABLE_TESTABILITY = YES;
				GCC_C_LANGUAGE_STANDARD = gnu11;
				GCC_DYNAMIC_NO_PIC = NO;
				GCC_NO_COMMON_BLOCKS = YES;
				GCC_OPTIMIZATION_LEVEL = 0;
				GCC_PREPROCESSOR_DEFINITIONS = (
					"DEBUG=1",
					"$(inherited)",
				);
				GCC_WARN_64_TO_32_BIT_CONVERSION = YES;
				GCC_WARN_ABOUT_RETURN_TYPE = YES_ERROR;
				GCC_WARN_UNDECLARED_SELECTOR = YES;
				GCC_WARN_UNINITIALIZED_AUTOS = YES_AGGRESSIVE;
				GCC_WARN_UNUSED_FUNCTION = YES;
				GCC_WARN_UNUSED_VARIABLE = YES;
				MACOSX_DEPLOYMENT_TARGET = 10.12;
				MTL_ENABLE_DEBUG_INFO = YES;
				ONLY_ACTIVE_ARCH = YES;
				SDKROOT = macosx;
			};
			name = Debug;
		};
		ECB197591F0CDF7E002FB2B1 /* Release */ = {
			isa = XCBuildConfiguration;
			buildSettings = {
				ALWAYS_SEARCH_USER_PATHS = NO;
				CLANG_ANALYZER_NONNULL = YES;
				CLANG_ANALYZER_NUMBER_OBJECT_CONVERSION = YES_AGGRESSIVE;
				CLANG_CXX_LANGUAGE_STANDARD = "gnu++14";
				CLANG_CXX_LIBRARY = "libc++";
				CLANG_ENABLE_MODULES = YES;
				CLANG_ENABLE_OBJC_ARC = YES;
				CLANG_WARN_BLOCK_CAPTURE_AUTORELEASING = YES;
				CLANG_WARN_BOOL_CONVERSION = YES;
				CLANG_WARN_COMMA = YES;
				CLANG_WARN_CONSTANT_CONVERSION = YES;
				CLANG_WARN_DIRECT_OBJC_ISA_USAGE = YES_ERROR;
				CLANG_WARN_DOCUMENTATION_COMMENTS = YES;
				CLANG_WARN_EMPTY_BODY = YES;
				CLANG_WARN_ENUM_CONVERSION = YES;
				CLANG_WARN_INFINITE_RECURSION = YES;
				CLANG_WARN_INT_CONVERSION = YES;
				CLANG_WARN_OBJC_ROOT_CLASS = YES_ERROR;
				CLANG_WARN_RANGE_LOOP_ANALYSIS = YES;
				CLANG_WARN_STRICT_PROTOTYPES = YES;
				CLANG_WARN_SUSPICIOUS_MOVE = YES;
				CLANG_WARN_UNGUARDED_AVAILABILITY = YES_AGGRESSIVE;
				CLANG_WARN_UNREACHABLE_CODE = YES;
				CLANG_WARN__DUPLICATE_METHOD_MATCH = YES;
				CODE_SIGN_IDENTITY = "-";
				COPY_PHASE_STRIP = NO;
				DEBUG_INFORMATION_FORMAT = "dwarf-with-dsym";
				ENABLE_NS_ASSERTIONS = NO;
				ENABLE_STRICT_OBJC_MSGSEND = YES;
				GCC_C_LANGUAGE_STANDARD = gnu11;
				GCC_NO_COMMON_BLOCKS = YES;
				GCC_WARN_64_TO_32_BIT_CONVERSION = YES;
				GCC_WARN_ABOUT_RETURN_TYPE = YES_ERROR;
				GCC_WARN_UNDECLARED_SELECTOR = YES;
				GCC_WARN_UNINITIALIZED_AUTOS = YES_AGGRESSIVE;
				GCC_WARN_UNUSED_FUNCTION = YES;
				GCC_WARN_UNUSED_VARIABLE = YES;
				MACOSX_DEPLOYMENT_TARGET = 10.12;
				MTL_ENABLE_DEBUG_INFO = NO;
				SDKROOT = macosx;
			};
			name = Release;
		};
		ECB1975B1F0CDF7E002FB2B1 /* Debug */ = {
			isa = XCBuildConfiguration;
			buildSettings = {
				PRODUCT_NAME = "$(TARGET_NAME)";
			};
			name = Debug;
		};
		ECB1975C1F0CDF7E002FB2B1 /* Release */ = {
			isa = XCBuildConfiguration;
			buildSettings = {
				PRODUCT_NAME = "$(TARGET_NAME)";
			};
			name = Release;
		};
/* End XCBuildConfiguration section */

/* Begin XCConfigurationList section */
		ECB1974E1F0CDF7E002FB2B1 /* Build configuration list for PBXProject "TCPServer" */ = {
			isa = XCConfigurationList;
			buildConfigurations = (
				ECB197581F0CDF7E002FB2B1 /* Debug */,
				ECB197591F0CDF7E002FB2B1 /* Release */,
			);
			defaultConfigurationIsVisible = 0;
			defaultConfigurationName = Release;
		};
		ECB1975A1F0CDF7E002FB2B1 /* Build configuration list for PBXNativeTarget "TCPServer" */ = {
			isa = XCConfigurationList;
			buildConfigurations = (
				ECB1975B1F0CDF7E002FB2B1 /* Debug */,
				ECB1975C1F0CDF7E002FB2B1 /* Release */,
			);
			defaultConfigurationIsVisible = 0;
			defaultConfigurationName = Release;
		};
/* End XCConfigurationList section */
	};
	rootObject = ECB1974B1F0CDF7E002FB2B1 /* Project object */;
}
